<Project xmlns="http://schemas.microsoft.com/developer/msbuild/2003">
	<PropertyGroup>
		<ProjectGuid>{F4875146-B7BD-41C7-8E06-1B3A4A309439}</ProjectGuid>
		<MainSource>VCLTMSFNCCorePkg.dpk</MainSource>
		<ProjectVersion>18.8</ProjectVersion>
		<FrameworkType>VCL</FrameworkType>
		<Base>True</Base>
		<Config Condition="'$(Config)'==''">Debug</Config>
		<Platform Condition="'$(Platform)'==''">Win32</Platform>
		<TargetedPlatforms>3</TargetedPlatforms>
		<AppType>Package</AppType>
	</PropertyGroup>
	<PropertyGroup Condition="'$(Config)'=='Base' or '$(Base)'!=''">
		<Base>true</Base>
	</PropertyGroup>
	<PropertyGroup Condition="('$(Platform)'=='Android' and '$(Base)'=='true') or '$(Base_Android)'!=''">
		<Base_Android>true</Base_Android>
		<CfgParent>Base</CfgParent>
		<Base>true</Base>
	</PropertyGroup>
	<PropertyGroup Condition="('$(Platform)'=='Android64' and '$(Base)'=='true') or '$(Base_Android64)'!=''">
		<Base_Android64>true</Base_Android64>
		<CfgParent>Base</CfgParent>
		<Base>true</Base>
	</PropertyGroup>
	<PropertyGroup Condition="('$(Platform)'=='iOSDevice32' and '$(Base)'=='true') or '$(Base_iOSDevice32)'!=''">
		<Base_iOSDevice32>true</Base_iOSDevice32>
		<CfgParent>Base</CfgParent>
		<Base>true</Base>
	</PropertyGroup>
	<PropertyGroup Condition="('$(Platform)'=='iOSDevice64' and '$(Base)'=='true') or '$(Base_iOSDevice64)'!=''">
		<Base_iOSDevice64>true</Base_iOSDevice64>
		<CfgParent>Base</CfgParent>
		<Base>true</Base>
	</PropertyGroup>
	<PropertyGroup Condition="('$(Platform)'=='iOSSimulator' and '$(Base)'=='true') or '$(Base_iOSSimulator)'!=''">
		<Base_iOSSimulator>true</Base_iOSSimulator>
		<CfgParent>Base</CfgParent>
		<Base>true</Base>
	</PropertyGroup>
	<PropertyGroup Condition="('$(Platform)'=='OSX32' and '$(Base)'=='true') or '$(Base_OSX32)'!=''">
		<Base_OSX32>true</Base_OSX32>
		<CfgParent>Base</CfgParent>
		<Base>true</Base>
	</PropertyGroup>
	<PropertyGroup Condition="('$(Platform)'=='OSX64' and '$(Base)'=='true') or '$(Base_OSX64)'!=''">
		<Base_OSX64>true</Base_OSX64>
		<CfgParent>Base</CfgParent>
		<Base>true</Base>
	</PropertyGroup>
	<PropertyGroup Condition="('$(Platform)'=='Win32' and '$(Base)'=='true') or '$(Base_Win32)'!=''">
		<Base_Win32>true</Base_Win32>
		<CfgParent>Base</CfgParent>
		<Base>true</Base>
	</PropertyGroup>
	<PropertyGroup Condition="('$(Platform)'=='Win64' and '$(Base)'=='true') or '$(Base_Win64)'!=''">
		<Base_Win64>true</Base_Win64>
		<CfgParent>Base</CfgParent>
		<Base>true</Base>
	</PropertyGroup>
	<PropertyGroup Condition="'$(Config)'=='Debug' or '$(Cfg_1)'!=''">
		<Cfg_1>true</Cfg_1>
		<CfgParent>Base</CfgParent>
		<Base>true</Base>
	</PropertyGroup>
	<PropertyGroup Condition="('$(Platform)'=='Win32' and '$(Cfg_1)'=='true') or '$(Cfg_1_Win32)'!=''">
		<Cfg_1_Win32>true</Cfg_1_Win32>
		<CfgParent>Cfg_1</CfgParent>
		<Cfg_1>true</Cfg_1>
		<Base>true</Base>
	</PropertyGroup>
	<PropertyGroup Condition="'$(Config)'=='Release' or '$(Cfg_2)'!=''">
		<Cfg_2>true</Cfg_2>
		<CfgParent>Base</CfgParent>
		<Base>true</Base>
	</PropertyGroup>
	<PropertyGroup Condition="'$(Base)'!=''">
		<DCC_DcuOutput>.\$(Platform)\$(Config)</DCC_DcuOutput>
		<DCC_ExeOutput>.\$(Platform)\$(Config)</DCC_ExeOutput>
		<DCC_E>false</DCC_E>
		<DCC_N>false</DCC_N>
		<DCC_S>false</DCC_S>
		<DCC_F>false</DCC_F>
		<DCC_K>false</DCC_K>
		<GenDll>true</GenDll>
		<GenPackage>true</GenPackage>
		<DCC_Namespace>System;Xml;Data;Datasnap;Web;Soap;Vcl;Vcl.Imaging;Vcl.Touch;Vcl.Samples;Vcl.Shell;$(DCC_Namespace)</DCC_Namespace>
		<DCC_CBuilderOutput>All</DCC_CBuilderOutput>
		<SanitizedProjectName>VCLTMSFNCCorePkg</SanitizedProjectName>
		<DCC_Description>TMS FNC Core for VCL</DCC_Description>
		<DCC_OutputNeverBuildDcps>true</DCC_OutputNeverBuildDcps>
		<DllSuffix>260</DllSuffix>
		<DCC_BplOutput>.\$(Platform)\$(Config)</DCC_BplOutput>
		<DCC_BpiOutput>.\$(Platform)\$(Config)</DCC_BpiOutput>
		<DCC_DcpOutput>.\$(Platform)\$(Config)</DCC_DcpOutput>
		<DCC_HppOutput>.\$(Platform)\$(Config)</DCC_HppOutput>
		<DCC_ObjOutput>.\$(Platform)\$(Config)</DCC_ObjOutput>
		<BRCC_OutputDir>.\$(Platform)\$(Config)</BRCC_OutputDir>
	</PropertyGroup>
	<PropertyGroup Condition="'$(Base_Android)'!=''">
		<EnabledSysJars>android-support-v4.dex.jar;cloud-messaging.dex.jar;com-google-android-gms.play-services-ads-base.17.2.0.dex.jar;com-google-android-gms.play-services-ads-identifier.16.0.0.dex.jar;com-google-android-gms.play-services-ads-lite.17.2.0.dex.jar;com-google-android-gms.play-services-ads.17.2.0.dex.jar;com-google-android-gms.play-services-analytics-impl.16.0.8.dex.jar;com-google-android-gms.play-services-analytics.16.0.8.dex.jar;com-google-android-gms.play-services-base.16.0.1.dex.jar;com-google-android-gms.play-services-basement.16.2.0.dex.jar;com-google-android-gms.play-services-gass.17.2.0.dex.jar;com-google-android-gms.play-services-identity.16.0.0.dex.jar;com-google-android-gms.play-services-maps.16.1.0.dex.jar;com-google-android-gms.play-services-measurement-base.16.4.0.dex.jar;com-google-android-gms.play-services-measurement-sdk-api.16.4.0.dex.jar;com-google-android-gms.play-services-stats.16.0.1.dex.jar;com-google-android-gms.play-services-tagmanager-v4-impl.16.0.8.dex.jar;com-google-android-gms.play-services-tasks.16.0.1.dex.jar;com-google-android-gms.play-services-wallet.16.0.1.dex.jar;com-google-firebase.firebase-analytics.16.4.0.dex.jar;com-google-firebase.firebase-common.16.1.0.dex.jar;com-google-firebase.firebase-iid-interop.16.0.1.dex.jar;com-google-firebase.firebase-iid.17.1.1.dex.jar;com-google-firebase.firebase-measurement-connector.17.0.1.dex.jar;com-google-firebase.firebase-messaging.17.5.0.dex.jar;fmx.dex.jar;google-play-billing.dex.jar;google-play-licensing.dex.jar</EnabledSysJars>
		<VerInfo_Keys>package=com.embarcadero.$(MSBuildProjectName);label=$(MSBuildProjectName);versionCode=1;versionName=1.0.0;persistent=False;restoreAnyVersion=False;installLocation=auto;largeHeap=False;theme=TitleBar;hardwareAccelerated=true;apiKey=</VerInfo_Keys>
		<BT_BuildType>Debug</BT_BuildType>
	</PropertyGroup>
	<PropertyGroup Condition="'$(Base_Android64)'!=''">
		<EnabledSysJars>android-support-v4.dex.jar;cloud-messaging.dex.jar;com-google-android-gms.play-services-ads-base.17.2.0.dex.jar;com-google-android-gms.play-services-ads-identifier.16.0.0.dex.jar;com-google-android-gms.play-services-ads-lite.17.2.0.dex.jar;com-google-android-gms.play-services-ads.17.2.0.dex.jar;com-google-android-gms.play-services-analytics-impl.16.0.8.dex.jar;com-google-android-gms.play-services-analytics.16.0.8.dex.jar;com-google-android-gms.play-services-base.16.0.1.dex.jar;com-google-android-gms.play-services-basement.16.2.0.dex.jar;com-google-android-gms.play-services-gass.17.2.0.dex.jar;com-google-android-gms.play-services-identity.16.0.0.dex.jar;com-google-android-gms.play-services-maps.16.1.0.dex.jar;com-google-android-gms.play-services-measurement-base.16.4.0.dex.jar;com-google-android-gms.play-services-measurement-sdk-api.16.4.0.dex.jar;com-google-android-gms.play-services-stats.16.0.1.dex.jar;com-google-android-gms.play-services-tagmanager-v4-impl.16.0.8.dex.jar;com-google-android-gms.play-services-tasks.16.0.1.dex.jar;com-google-android-gms.play-services-wallet.16.0.1.dex.jar;com-google-firebase.firebase-analytics.16.4.0.dex.jar;com-google-firebase.firebase-common.16.1.0.dex.jar;com-google-firebase.firebase-iid-interop.16.0.1.dex.jar;com-google-firebase.firebase-iid.17.1.1.dex.jar;com-google-firebase.firebase-measurement-connector.17.0.1.dex.jar;com-google-firebase.firebase-messaging.17.5.0.dex.jar;fmx.dex.jar;google-play-billing.dex.jar;google-play-licensing.dex.jar</EnabledSysJars>
		<VerInfo_Keys>package=com.embarcadero.$(MSBuildProjectName);label=$(MSBuildProjectName);versionCode=1;versionName=1.0.0;persistent=False;restoreAnyVersion=False;installLocation=auto;largeHeap=False;theme=TitleBar;hardwareAccelerated=true;apiKey=</VerInfo_Keys>
		<BT_BuildType>Debug</BT_BuildType>
	</PropertyGroup>
	<PropertyGroup Condition="'$(Base_iOSDevice32)'!=''">
		<VerInfo_Keys>CFBundleName=$(MSBuildProjectName);CFBundleDevelopmentRegion=en;CFBundleDisplayName=$(MSBuildProjectName);CFBundleIdentifier=$(MSBuildProjectName);CFBundleInfoDictionaryVersion=7.1;CFBundleVersion=1.0.0;CFBundleShortVersionString=1.0.0;CFBundlePackageType=APPL;CFBundleSignature=????;LSRequiresIPhoneOS=true;CFBundleAllowMixedLocalizations=YES;CFBundleExecutable=$(MSBuildProjectName);UIDeviceFamily=iPhone &amp; iPad;CFBundleResourceSpecification=ResourceRules.plist;NSLocationAlwaysUsageDescription=The reason for accessing the location information of the user;NSLocationWhenInUseUsageDescription=The reason for accessing the location information of the user;NSLocationAlwaysAndWhenInUseUsageDescription=The reason for accessing the location information of the user;FMLocalNotificationPermission=false;UIBackgroundModes=;NSContactsUsageDescription=The reason for accessing the contacts;NSPhotoLibraryUsageDescription=The reason for accessing the photo library;NSPhotoLibraryAddUsageDescription=The reason for adding to the photo library;NSCameraUsageDescription=The reason for accessing the camera;NSFaceIDUsageDescription=The reason for accessing the face id;NSMicrophoneUsageDescription=The reason for accessing the microphone;NSSiriUsageDescription=The reason for accessing Siri;ITSAppUsesNonExemptEncryption=false</VerInfo_Keys>
		<VerInfo_UIDeviceFamily>iPhoneAndiPad</VerInfo_UIDeviceFamily>
		<VerInfo_IncludeVerInfo>true</VerInfo_IncludeVerInfo>
		<BT_BuildType>Debug</BT_BuildType>
		<VerInfo_BundleId>$(MSBuildProjectName)</VerInfo_BundleId>
	</PropertyGroup>
	<PropertyGroup Condition="'$(Base_iOSDevice64)'!=''">
		<VerInfo_Keys>CFBundleName=$(MSBuildProjectName);CFBundleDevelopmentRegion=en;CFBundleDisplayName=$(MSBuildProjectName);CFBundleIdentifier=$(MSBuildProjectName);CFBundleInfoDictionaryVersion=7.1;CFBundleVersion=1.0.0;CFBundleShortVersionString=1.0.0;CFBundlePackageType=APPL;CFBundleSignature=????;LSRequiresIPhoneOS=true;CFBundleAllowMixedLocalizations=YES;CFBundleExecutable=$(MSBuildProjectName);UIDeviceFamily=iPhone &amp; iPad;CFBundleResourceSpecification=ResourceRules.plist;NSLocationAlwaysUsageDescription=The reason for accessing the location information of the user;NSLocationWhenInUseUsageDescription=The reason for accessing the location information of the user;NSLocationAlwaysAndWhenInUseUsageDescription=The reason for accessing the location information of the user;FMLocalNotificationPermission=false;UIBackgroundModes=;NSContactsUsageDescription=The reason for accessing the contacts;NSPhotoLibraryUsageDescription=The reason for accessing the photo library;NSPhotoLibraryAddUsageDescription=The reason for adding to the photo library;NSCameraUsageDescription=The reason for accessing the camera;NSFaceIDUsageDescription=The reason for accessing the face id;NSMicrophoneUsageDescription=The reason for accessing the microphone;NSSiriUsageDescription=The reason for accessing Siri;ITSAppUsesNonExemptEncryption=false</VerInfo_Keys>
		<VerInfo_UIDeviceFamily>iPhoneAndiPad</VerInfo_UIDeviceFamily>
		<VerInfo_IncludeVerInfo>true</VerInfo_IncludeVerInfo>
		<BT_BuildType>Debug</BT_BuildType>
		<VerInfo_BundleId>$(MSBuildProjectName)</VerInfo_BundleId>
	</PropertyGroup>
	<PropertyGroup Condition="'$(Base_iOSSimulator)'!=''">
		<VerInfo_Keys>CFBundleName=$(MSBuildProjectName);CFBundleDevelopmentRegion=en;CFBundleDisplayName=$(MSBuildProjectName);CFBundleIdentifier=$(MSBuildProjectName);CFBundleInfoDictionaryVersion=7.1;CFBundleVersion=1.0.0;CFBundleShortVersionString=1.0.0;CFBundlePackageType=APPL;CFBundleSignature=????;LSRequiresIPhoneOS=true;CFBundleAllowMixedLocalizations=YES;CFBundleExecutable=$(MSBuildProjectName);UIDeviceFamily=iPhone &amp; iPad;CFBundleResourceSpecification=ResourceRules.plist;NSLocationAlwaysUsageDescription=The reason for accessing the location information of the user;NSLocationWhenInUseUsageDescription=The reason for accessing the location information of the user;NSLocationAlwaysAndWhenInUseUsageDescription=The reason for accessing the location information of the user;FMLocalNotificationPermission=false;UIBackgroundModes=;NSContactsUsageDescription=The reason for accessing the contacts;NSPhotoLibraryUsageDescription=The reason for accessing the photo library;NSPhotoLibraryAddUsageDescription=The reason for adding to the photo library;NSCameraUsageDescription=The reason for accessing the camera;NSFaceIDUsageDescription=The reason for accessing the face id;NSMicrophoneUsageDescription=The reason for accessing the microphone;NSSiriUsageDescription=The reason for accessing Siri;ITSAppUsesNonExemptEncryption=false</VerInfo_Keys>
		<VerInfo_UIDeviceFamily>iPhoneAndiPad</VerInfo_UIDeviceFamily>
		<VerInfo_IncludeVerInfo>true</VerInfo_IncludeVerInfo>
	</PropertyGroup>
	<PropertyGroup Condition="'$(Base_OSX32)'!=''">
		<VerInfo_Keys>CFBundleName=$(MSBuildProjectName);CFBundleDisplayName=$(MSBuildProjectName);CFBundleIdentifier=$(MSBuildProjectName);CFBundleVersion=1.0.0;CFBundleShortVersionString=1.0.0;CFBundlePackageType=APPL;CFBundleSignature=????;CFBundleAllowMixedLocalizations=YES;CFBundleExecutable=$(MSBuildProjectName);NSHighResolutionCapable=true;LSApplicationCategoryType=public.app-category.utilities;NSLocationUsageDescription=The reason for accessing the location information of the user;NSContactsUsageDescription=The reason for accessing the contacts</VerInfo_Keys>
		<BT_BuildType>Debug</BT_BuildType>
	</PropertyGroup>
	<PropertyGroup Condition="'$(Base_OSX64)'!=''">
		<VerInfo_Keys>CFBundleName=$(MSBuildProjectName);CFBundleDisplayName=$(MSBuildProjectName);CFBundleIdentifier=$(MSBuildProjectName);CFBundleVersion=1.0.0;CFBundleShortVersionString=1.0.0;CFBundlePackageType=APPL;CFBundleSignature=????;CFBundleAllowMixedLocalizations=YES;CFBundleExecutable=$(MSBuildProjectName);NSHighResolutionCapable=true;LSApplicationCategoryType=public.app-category.utilities;NSLocationUsageDescription=The reason for accessing the location information of the user;NSContactsUsageDescription=The reason for accessing the contacts</VerInfo_Keys>
		<BT_BuildType>Debug</BT_BuildType>
	</PropertyGroup>
	<PropertyGroup Condition="'$(Base_Win32)'!=''">
		<DCC_Namespace>Winapi;System.Win;Data.Win;Datasnap.Win;Web.Win;Soap.Win;Xml.Win;Bde;$(DCC_Namespace)</DCC_Namespace>
		<BT_BuildType>Debug</BT_BuildType>
		<VerInfo_IncludeVerInfo>true</VerInfo_IncludeVerInfo>
		<VerInfo_Keys>CompanyName=;FileDescription=$(MSBuildProjectName);FileVersion=1.0.0.0;InternalName=;LegalCopyright=;LegalTrademarks=;OriginalFilename=;ProgramID=com.embarcadero.$(MSBuildProjectName);ProductName=$(MSBuildProjectName);ProductVersion=1.0.0.0;Comments=</VerInfo_Keys>
		<VerInfo_Locale>1033</VerInfo_Locale>
	</PropertyGroup>
	<PropertyGroup Condition="'$(Base_Win64)'!=''">
		<DCC_Namespace>Winapi;System.Win;Data.Win;Datasnap.Win;Web.Win;Soap.Win;Xml.Win;$(DCC_Namespace)</DCC_Namespace>
		<BT_BuildType>Debug</BT_BuildType>
		<VerInfo_IncludeVerInfo>true</VerInfo_IncludeVerInfo>
		<VerInfo_Keys>CompanyName=;FileDescription=$(MSBuildProjectName);FileVersion=1.0.0.0;InternalName=;LegalCopyright=;LegalTrademarks=;OriginalFilename=;ProgramID=com.embarcadero.$(MSBuildProjectName);ProductName=$(MSBuildProjectName);ProductVersion=1.0.0.0;Comments=</VerInfo_Keys>
		<VerInfo_Locale>1033</VerInfo_Locale>
	</PropertyGroup>
	<PropertyGroup Condition="'$(Cfg_1)'!=''">
		<DCC_Define>DEBUG;$(DCC_Define)</DCC_Define>
		<DCC_DebugDCUs>true</DCC_DebugDCUs>
		<DCC_Optimize>false</DCC_Optimize>
		<DCC_GenerateStackFrames>true</DCC_GenerateStackFrames>
		<DCC_DebugInfoInExe>true</DCC_DebugInfoInExe>
		<DCC_RemoteDebug>true</DCC_RemoteDebug>
	</PropertyGroup>
	<PropertyGroup Condition="'$(Cfg_1_Win32)'!=''">
		<DCC_RemoteDebug>false</DCC_RemoteDebug>
	</PropertyGroup>
	<PropertyGroup Condition="'$(Cfg_2)'!=''">
		<DCC_LocalDebugSymbols>false</DCC_LocalDebugSymbols>
		<DCC_Define>RELEASE;$(DCC_Define)</DCC_Define>
		<DCC_SymbolReferenceInfo>0</DCC_SymbolReferenceInfo>
		<DCC_DebugInformation>0</DCC_DebugInformation>
	</PropertyGroup>
	<ItemGroup>
		<DelphiCompile Include="$(MainSource)">
			<MainSource>MainSource</MainSource>
		</DelphiCompile>
		<DCCReference Include="rtl.dcp"/>
		<DCCReference Include="vcl.dcp"/>
		<DCCReference Include="vclimg.dcp"/>
		<DCCReference Include="VclSmp.dcp"/>
		<DCCReference Include="vclie.dcp"/>
		<DCCReference Include="xmlrtl.dcp"/>
		<DCCReference Include="vclwinx.dcp"/>
		<DCCReference Include="dbrtl.dcp"/>
		<DCCReference Include="..\..\VCL.TMSFNCResponsiveManager.pas"/>
		<DCCReference Include="..\..\VCL.TMSFNCStateManager.pas"/>
		<DCCReference Include="..\..\VCL.TMSFNCResponsiveManagerReg.pas"/>
		<DCCReference Include="..\..\VCL.TMSFNCCloudBase.pas"/>
		<DCCReference Include="..\..\VCL.TMSFNCCloudBase.Win.pas"/>
		<DCCReference Include="..\..\VCL.TMSFNCBitmapEditor.pas"/>
		<DCCReference Include="..\..\VCL.TMSFNCBitmapContainer.pas"/>
		<DCCReference Include="..\..\VCL.TMSFNCBitmapContainerReg.pas"/>
		<DCCReference Include="..\..\VCL.TMSFNCCustomComponent.pas"/>
		<DCCReference Include="..\..\VCL.TMSFNCCustomControl.pas"/>
		<DCCReference Include="..\..\VCL.TMSFNCCustomScrollControl.pas"/>
		<DCCReference Include="..\..\VCL.TMSFNCGDIPlusApi.pas"/>
		<DCCReference Include="..\..\VCL.TMSFNCGDIPlusClasses.pas"/>
		<DCCReference Include="..\..\VCL.TMSFNCGraphics.General.pas"/>
		<DCCReference Include="..\..\VCL.TMSFNCGraphics.pas"/>
		<DCCReference Include="..\..\VCL.TMSFNCGraphics.Win.pas"/>
		<DCCReference Include="..\..\VCL.TMSFNCGraphicsPDFEngine.pas"/>
		<DCCReference Include="..\..\VCL.TMSFNCGraphicsSVGEngine.pas"/>
		<DCCReference Include="..\..\VCL.TMSFNCGraphicsPDFIOReg.pas"/>
		<DCCReference Include="..\..\VCL.TMSFNCGraphicsTypes.pas"/>
		<DCCReference Include="..\..\VCL.TMSFNCHint.pas"/>
		<DCCReference Include="..\..\VCL.TMSFNCHintReg.pas"/>
		<DCCReference Include="..\..\VCL.TMSFNCHTMLEngine.pas"/>
		<DCCReference Include="..\..\VCL.TMSFNCJSONReader.pas"/>
		<DCCReference Include="..\..\VCL.TMSFNCJSONWriter.pas"/>
		<DCCReference Include="..\..\VCL.TMSFNCPDFCoreLibBase.pas"/>
		<DCCReference Include="..\..\VCL.TMSFNCPDFGraphicsLib.General.pas"/>
		<DCCReference Include="..\..\VCL.TMSFNCPDFGraphicsLib.pas"/>
		<DCCReference Include="..\..\VCL.TMSFNCPDFGraphicsLibHTMLEngine.pas"/>
		<DCCReference Include="..\..\VCL.TMSFNCPDFIO.pas"/>
		<DCCReference Include="..\..\VCL.TMSFNCPDFLib.General.pas"/>
		<DCCReference Include="..\..\VCL.TMSFNCPDFLib.General.Win.pas"/>
		<DCCReference Include="..\..\VCL.TMSFNCPDFLib.pas"/>
		<DCCReference Include="..\..\VCL.TMSFNCPDFLibReg.pas"/>
		<DCCReference Include="..\..\VCL.TMSFNCPDFRichTextLib.General.pas"/>
		<DCCReference Include="..\..\VCL.TMSFNCPDFRichTextLib.pas"/>
		<DCCReference Include="..\..\VCL.TMSFNCPersistence.pas"/>
		<DCCReference Include="..\..\VCL.TMSFNCPopup.pas"/>
		<DCCReference Include="..\..\VCL.TMSFNCPopupReg.pas"/>
		<DCCReference Include="..\..\VCL.TMSFNCScrollBar.pas"/>
		<DCCReference Include="..\..\VCL.TMSFNCScrollBarReg.pas"/>
		<DCCReference Include="..\..\VCL.TMSFNCStyles.pas"/>
		<DCCReference Include="..\..\VCL.TMSFNCStylesEditor.pas"/>
		<DCCReference Include="..\..\VCL.TMSFNCTypes.pas"/>
		<DCCReference Include="..\..\VCL.TMSFNCUndo.pas"/>
		<DCCReference Include="..\..\VCL.TMSFNCURLBitmapContainer.pas"/>
		<DCCReference Include="..\..\VCL.TMSFNCUtils.pas"/>
		<DCCReference Include="..\..\VCL.TMSFNCGraphicsTools.pas"/>
		<DCCReference Include="..\..\VCL.TMSFNCWebBrowser.pas"/>
		<DCCReference Include="..\..\VCL.TMSFNCWebBrowser.Win.pas"/>
		<DCCReference Include="..\..\VCL.TMSFNCWebBrowserReg.pas"/>
		<DCCReference Include="..\..\VCL.TMSFNCEdgeWebBrowser.pas"/>
		<DCCReference Include="..\..\VCL.TMSFNCEdgeWebBrowserReg.pas"/>
		<DCCReference Include="..\..\VCL.TMSFNCWebCoreClientBrowser.pas"/>
		<DCCReference Include="..\..\VCL.TMSFNCXPVS.pas"/>
		<DCCReference Include="..\..\VCL.TMSFNCStylesReg.pas"/>
		<DCCReference Include="..\..\VCL.TMSFNCDataBinding.pas"/>
		<DCCReference Include="..\..\VCL.TMSFNCDataBindingEditor.pas"/>
		<DCCReference Include="..\..\VCL.TMSFNCCustomWEBControl.pas"/>
		<DCCReference Include="..\..\VCL.TMSFNCCustomWEBComponent.pas"/>
		<DCCReference Include="..\..\VCL.TMSFNCDataBindingReg.pas"/>
		<DCCReference Include="..\..\VCL.TMSFNCGraphicsAppearanceEditor.pas"/>
		<DCCReference Include="..\..\VCL.TMSFNCPrinters.pas"/>
		<DCCReference Include="..\..\VCL.TMSFNCPrintIO.pas"/>
		<DCCReference Include="..\..\VCL.TMSFNCPrintIOReg.pas"/>
		<DCCReference Include="..\..\VCL.TMSFNCBitmapContainerEditor.pas"/>
		<DCCReference Include="..\..\VCL.TMSFNCEditorButton.pas"/>
		<DCCReference Include="..\..\VCL.TMSFNCEditorListView.pas"/>
		<DCCReference Include="..\..\VCL.TMSFNCEditorPanel.pas"/>
		<DCCReference Include="..\..\VCL.TMSFNCEditorsTools.pas"/>
		<DCCReference Include="..\..\VCL.TMSFNCPopupMenu.pas"/>
		<DCCReference Include="..\..\VCL.TMSFNCPopupMenuReg.pas"/>
		<BuildConfiguration Include="Release">
			<Key>Cfg_2</Key>
			<CfgParent>Base</CfgParent>
		</BuildConfiguration>
		<BuildConfiguration Include="Base">
			<Key>Base</Key>
		</BuildConfiguration>
		<BuildConfiguration Include="Debug">
			<Key>Cfg_1</Key>
			<CfgParent>Base</CfgParent>
		</BuildConfiguration>
	</ItemGroup>
	<ProjectExtensions>
		<Borland.Personality>Delphi.Personality.12</Borland.Personality>
		<Borland.ProjectType>Package</Borland.ProjectType>
		<BorlandProject>
			<Delphi.Personality>
				<Source>
					<Source Name="MainSource">VCLTMSFNCCorePkg.dpk</Source>
				</Source>
			</Delphi.Personality>
			<Deployment Version="3"/>
			<Platforms>
				<Platform value="Android">False</Platform>
				<Platform value="Android64">False</Platform>
				<Platform value="iOSDevice32">False</Platform>
				<Platform value="iOSDevice64">False</Platform>
				<Platform value="iOSSimulator">False</Platform>
				<Platform value="Linux64">False</Platform>
				<Platform value="OSX32">False</Platform>
				<Platform value="OSX64">False</Platform>
				<Platform value="Win32">True</Platform>
				<Platform value="Win64">True</Platform>
			</Platforms>
		</BorlandProject>
		<ProjectFileVersion>12</ProjectFileVersion>
	</ProjectExtensions>
	<Import Project="$(BDS)\Bin\CodeGear.Delphi.Targets" Condition="Exists('$(BDS)\Bin\CodeGear.Delphi.Targets')"/>
	<Import Project="$(APPDATA)\Embarcadero\$(BDSAPPDATABASEDIR)\$(PRODUCTVERSION)\UserTools.proj" Condition="Exists('$(APPDATA)\Embarcadero\$(BDSAPPDATABASEDIR)\$(PRODUCTVERSION)\UserTools.proj')"/>
	<Import Project="$(MSBuildProjectName).deployproj" Condition="Exists('$(MSBuildProjectName).deployproj')"/>
</Project>
